
Microsoft Visual Studio Solution File, Format Version 12.00
# Visual Studio Version 17
VisualStudioVersion = 17.7.34031.279
MinimumVisualStudioVersion = 10.0.40219.1
Project("{FAE04EC0-301F-11D3-BF4B-00C04F79EFBC}") = "telegrambot", "telegrambot\telegrambot.csproj", "{B4D45607-3882-4D9A-83B0-BE25A288A8EB}"
EndProject
Global
	GlobalSection(SolutionConfigurationPlatforms) = preSolution
		Debug|Any CPU = Debug|Any CPU
		Release|Any CPU = Release|Any CPU
	EndGlobalSection
	GlobalSection(ProjectConfigurationPlatforms) = postSolution
		{B4D45607-3882-4D9A-83B0-BE25A288A8EB}.Debug|Any CPU.ActiveCfg = Debug|Any CPU
		{B4D45607-3882-4D9A-83B0-BE25A288A8EB}.Debug|Any CPU.Build.0 = Debug|Any CPU
		{B4D45607-3882-4D9A-83B0-BE25A288A8EB}.Release|Any CPU.ActiveCfg = Release|Any CPU
		{B4D45607-3882-4D9A-83B0-BE25A288A8EB}.Release|Any CPU.Build.0 = Release|Any CPU
	EndGlobalSection
	GlobalSection(SolutionProperties) = preSolution
		HideSolutionNode = FALSE
	EndGlobalSection
	GlobalSection(ExtensibilityGlobals) = postSolution
		SolutionGuid = {E6E183D4-7EA6-4BE6-968D-BD34FBF177EC}
	EndGlobalSection
EndGlobal
